
Microsoft Visual Studio Solution File, Format Version 12.00
# Visual Studio 15
VisualStudioVersion = 15.0.26403.7
MinimumVisualStudioVersion = 10.0.40219.1
Project("{FAE04EC0-301F-11D3-BF4B-00C04F79EFBC}") = "TestingTesting.Core", "TestingTesting.Core\TestingTesting.Core.csproj", "{AAB2B7C5-4032-4C89-AC53-5A23F6785646}"
EndProject
Project("{FAE04EC0-301F-11D3-BF4B-00C04F79EFBC}") = "TestingTesting.Tests", "TestingTesting.Tests\TestingTesting.Tests.csproj", "{4D5B795D-D214-476B-ADB9-C5F4FCEA96A3}"
EndProject
Global
	GlobalSection(SolutionConfigurationPlatforms) = preSolution
		Debug|Any CPU = Debug|Any CPU
		Release|Any CPU = Release|Any CPU
	EndGlobalSection
	GlobalSection(ProjectConfigurationPlatforms) = postSolution
		{AAB2B7C5-4032-4C89-AC53-5A23F6785646}.Debug|Any CPU.ActiveCfg = Debug|Any CPU
		{AAB2B7C5-4032-4C89-AC53-5A23F6785646}.Debug|Any CPU.Build.0 = Debug|Any CPU
		{AAB2B7C5-4032-4C89-AC53-5A23F6785646}.Release|Any CPU.ActiveCfg = Release|Any CPU
		{AAB2B7C5-4032-4C89-AC53-5A23F6785646}.Release|Any CPU.Build.0 = Release|Any CPU
		{4D5B795D-D214-476B-ADB9-C5F4FCEA96A3}.Debug|Any CPU.ActiveCfg = Debug|Any CPU
		{4D5B795D-D214-476B-ADB9-C5F4FCEA96A3}.Debug|Any CPU.Build.0 = Debug|Any CPU
		{4D5B795D-D214-476B-ADB9-C5F4FCEA96A3}.Release|Any CPU.ActiveCfg = Release|Any CPU
		{4D5B795D-D214-476B-ADB9-C5F4FCEA96A3}.Release|Any CPU.Build.0 = Release|Any CPU
	EndGlobalSection
	GlobalSection(SolutionProperties) = preSolution
		HideSolutionNode = FALSE
	EndGlobalSection
EndGlobal
